
Microsoft Visual Studio Solution File, Format Version 12.00
# Visual Studio Version 17
VisualStudioVersion = 17.8.34309.116
MinimumVisualStudioVersion = 10.0.40219.1
Project("{8BC9CEB8-8B4A-11D0-8D11-00A0C91BC942}") = "SettingsLib", "SettingsLib\SettingsLib.vcxproj", "{a930c494-47d3-4c83-a241-b6eb97fcc85e}"
EndProject
Global
	GlobalSection(SolutionConfigurationPlatforms) = preSolution
		Debug|x64 = Debug|x64
		Debug|x86 = Debug|x86
		Release|x64 = Release|x64
		Release|x86 = Release|x86
	EndGlobalSection
	GlobalSection(ProjectConfigurationPlatforms) = postSolution
		{a930c494-47d3-4c83-a241-b6eb97fcc85e}.Debug|x64.ActiveCfg = Debug|x64
		{a930c494-47d3-4c83-a241-b6eb97fcc85e}.Debug|x64.Build.0 = Debug|x64
		{a930c494-47d3-4c83-a241-b6eb97fcc85e}.Debug|x86.ActiveCfg = Debug|Win32
		{a930c494-47d3-4c83-a241-b6eb97fcc85e}.Debug|x86.Build.0 = Debug|Win32
		{a930c494-47d3-4c83-a241-b6eb97fcc85e}.Release|x64.ActiveCfg = Release|x64
		{a930c494-47d3-4c83-a241-b6eb97fcc85e}.Release|x64.Build.0 = Release|x64
		{a930c494-47d3-4c83-a241-b6eb97fcc85e}.Release|x86.ActiveCfg = Release|Win32
		{a930c494-47d3-4c83-a241-b6eb97fcc85e}.Release|x86.Build.0 = Release|Win32
	EndGlobalSection
	GlobalSection(SolutionProperties) = preSolution
		HideSolutionNode = FALSE
	EndGlobalSection
	GlobalSection(ExtensibilityGlobals) = postSolution
		SolutionGuid = {36D99FFF-7F1E-4CFD-A6F0-D8E29A67B271}
	EndGlobalSection
EndGlobal
